
Microsoft Visual Studio Solution File, Format Version 12.00
# Visual Studio Version 16
VisualStudioVersion = 16.0.30128.74
MinimumVisualStudioVersion = 10.0.40219.1
Project("{FAE04EC0-301F-11D3-BF4B-00C04F79EFBC}") = "Classe", "Classe\Classe.csproj", "{C74D2D20-6E1D-47C7-ADBF-ACF4C85FB7DD}"
EndProject
Global
	GlobalSection(SolutionConfigurationPlatforms) = preSolution
		Debug|Any CPU = Debug|Any CPU
		Release|Any CPU = Release|Any CPU
	EndGlobalSection
	GlobalSection(ProjectConfigurationPlatforms) = postSolution
		{C74D2D20-6E1D-47C7-ADBF-ACF4C85FB7DD}.Debug|Any CPU.ActiveCfg = Debug|Any CPU
		{C74D2D20-6E1D-47C7-ADBF-ACF4C85FB7DD}.Debug|Any CPU.Build.0 = Debug|Any CPU
		{C74D2D20-6E1D-47C7-ADBF-ACF4C85FB7DD}.Release|Any CPU.ActiveCfg = Release|Any CPU
		{C74D2D20-6E1D-47C7-ADBF-ACF4C85FB7DD}.Release|Any CPU.Build.0 = Release|Any CPU
	EndGlobalSection
	GlobalSection(SolutionProperties) = preSolution
		HideSolutionNode = FALSE
	EndGlobalSection
	GlobalSection(ExtensibilityGlobals) = postSolution
		SolutionGuid = {582E4765-F29D-4E46-8F44-111984C34940}
	EndGlobalSection
EndGlobal
