
Microsoft Visual Studio Solution File, Format Version 12.00
# Visual Studio Version 16
VisualStudioVersion = 16.0.30128.74
MinimumVisualStudioVersion = 10.0.40219.1
Project("{FAE04EC0-301F-11D3-BF4B-00C04F79EFBC}") = "boucle", "boucle\boucle.csproj", "{DFFF95EC-2E03-4D8B-9A4F-9BDDA424FE1B}"
EndProject
Global
	GlobalSection(SolutionConfigurationPlatforms) = preSolution
		Debug|Any CPU = Debug|Any CPU
		Release|Any CPU = Release|Any CPU
	EndGlobalSection
	GlobalSection(ProjectConfigurationPlatforms) = postSolution
		{DFFF95EC-2E03-4D8B-9A4F-9BDDA424FE1B}.Debug|Any CPU.ActiveCfg = Debug|Any CPU
		{DFFF95EC-2E03-4D8B-9A4F-9BDDA424FE1B}.Debug|Any CPU.Build.0 = Debug|Any CPU
		{DFFF95EC-2E03-4D8B-9A4F-9BDDA424FE1B}.Release|Any CPU.ActiveCfg = Release|Any CPU
		{DFFF95EC-2E03-4D8B-9A4F-9BDDA424FE1B}.Release|Any CPU.Build.0 = Release|Any CPU
	EndGlobalSection
	GlobalSection(SolutionProperties) = preSolution
		HideSolutionNode = FALSE
	EndGlobalSection
	GlobalSection(ExtensibilityGlobals) = postSolution
		SolutionGuid = {695B11E8-3F15-45D1-9FB1-47BFDBD05F4C}
	EndGlobalSection
EndGlobal
